
Microsoft Visual Studio Solution File, Format Version 12.00
# Visual Studio Version 17
VisualStudioVersion = 17.2.32602.215
MinimumVisualStudioVersion = 10.0.40219.1
Project("{9A19103F-16F7-4668-BE54-9A1E7A4F7556}") = "CadastroContato", "CadastroContato\CadastroContato.csproj", "{5390AD16-0F04-4571-8762-E8C63BBAD73D}"
EndProject
Global
	GlobalSection(SolutionConfigurationPlatforms) = preSolution
		Debug|Any CPU = Debug|Any CPU
		Release|Any CPU = Release|Any CPU
	EndGlobalSection
	GlobalSection(ProjectConfigurationPlatforms) = postSolution
		{5390AD16-0F04-4571-8762-E8C63BBAD73D}.Debug|Any CPU.ActiveCfg = Debug|Any CPU
		{5390AD16-0F04-4571-8762-E8C63BBAD73D}.Debug|Any CPU.Build.0 = Debug|Any CPU
		{5390AD16-0F04-4571-8762-E8C63BBAD73D}.Release|Any CPU.ActiveCfg = Release|Any CPU
		{5390AD16-0F04-4571-8762-E8C63BBAD73D}.Release|Any CPU.Build.0 = Release|Any CPU
	EndGlobalSection
	GlobalSection(SolutionProperties) = preSolution
		HideSolutionNode = FALSE
	EndGlobalSection
	GlobalSection(ExtensibilityGlobals) = postSolution
		SolutionGuid = {F3A645D2-81FA-4347-9CB6-67BEFDC07B25}
	EndGlobalSection
EndGlobal
